
Microsoft Visual Studio Solution File, Format Version 12.00
# Visual Studio Version 17
VisualStudioVersion = 17.10.35013.160
MinimumVisualStudioVersion = 10.0.40219.1
Project("{FAE04EC0-301F-11D3-BF4B-00C04F79EFBC}") = "DevExtreme_Conexion_Con_Api", "DevExtreme_Conexion_Con_Api\DevExtreme_Conexion_Con_Api.csproj", "{D5E1FE5D-BCAE-4E85-87D0-643FEE6D99D5}"
EndProject
Global
	GlobalSection(SolutionConfigurationPlatforms) = preSolution
		Debug|Any CPU = Debug|Any CPU
		Release|Any CPU = Release|Any CPU
	EndGlobalSection
	GlobalSection(ProjectConfigurationPlatforms) = postSolution
		{D5E1FE5D-BCAE-4E85-87D0-643FEE6D99D5}.Debug|Any CPU.ActiveCfg = Debug|Any CPU
		{D5E1FE5D-BCAE-4E85-87D0-643FEE6D99D5}.Debug|Any CPU.Build.0 = Debug|Any CPU
		{D5E1FE5D-BCAE-4E85-87D0-643FEE6D99D5}.Release|Any CPU.ActiveCfg = Release|Any CPU
		{D5E1FE5D-BCAE-4E85-87D0-643FEE6D99D5}.Release|Any CPU.Build.0 = Release|Any CPU
	EndGlobalSection
	GlobalSection(SolutionProperties) = preSolution
		HideSolutionNode = FALSE
	EndGlobalSection
	GlobalSection(ExtensibilityGlobals) = postSolution
		SolutionGuid = {11147266-BF37-43B1-AAE2-5BFD7188EC5E}
	EndGlobalSection
EndGlobal
